// !$*UTF8*$!
{
	archiveVersion = 1;
	classes = {
	};
	objectVersion = 51;
	objects = {

/* Begin PBXBuildFile section */
		125CDFA02759CD4400291877 /* SideMenuNavigationController.swift in Sources */ = {isa = PBXBuildFile; fileRef = 125CDF9F2759CD4400291877 /* SideMenuNavigationController.swift */; };
		125CDFA2275A047E00291877 /* SideMenuTableViewController.swift in Sources */ = {isa = PBXBuildFile; fileRef = 125CDFA1275A047E00291877 /* SideMenuTableViewController.swift */; };
		127A348C274F9492005528D7 /* AppDelegate.swift in Sources */ = {isa = PBXBuildFile; fileRef = 127A348B274F9492005528D7 /* AppDelegate.swift */; };
		127A348E274F9492005528D7 /* SceneDelegate.swift in Sources */ = {isa = PBXBuildFile; fileRef = 127A348D274F9492005528D7 /* SceneDelegate.swift */; };
		127A3493274F9492005528D7 /* Main.storyboard in Resources */ = {isa = PBXBuildFile; fileRef = 127A3491274F9492005528D7 /* Main.storyboard */; };
		127A3495274F9496005528D7 /* Assets.xcassets in Resources */ = {isa = PBXBuildFile; fileRef = 127A3494274F9496005528D7 /* Assets.xcassets */; };
		127A3498274F9496005528D7 /* LaunchScreen.storyboard in Resources */ = {isa = PBXBuildFile; fileRef = 127A3496274F9496005528D7 /* LaunchScreen.storyboard */; };
		127A34A2274F9644005528D7 /* RegisterViewController.swift in Sources */ = {isa = PBXBuildFile; fileRef = 127A34A1274F9644005528D7 /* RegisterViewController.swift */; };
		127A34A4274F976E005528D7 /* LoginViewController.swift in Sources */ = {isa = PBXBuildFile; fileRef = 127A34A3274F976E005528D7 /* LoginViewController.swift */; };
		127A34A8274F97B8005528D7 /* HomeViewController.swift in Sources */ = {isa = PBXBuildFile; fileRef = 127A34A7274F97B8005528D7 /* HomeViewController.swift */; };
		12838C4127538A69009260BF /* GoogleService-Info.plist in Resources */ = {isa = PBXBuildFile; fileRef = 12838C4027538A69009260BF /* GoogleService-Info.plist */; };
		12838C43275393BE009260BF /* PostData.swift in Sources */ = {isa = PBXBuildFile; fileRef = 12838C42275393BE009260BF /* PostData.swift */; };
		12F0B59D275CB8ED004A1583 /* HowtoViewController.swift in Sources */ = {isa = PBXBuildFile; fileRef = 12F0B59C275CB8ED004A1583 /* HowtoViewController.swift */; };
		12F0B59F275CD8E5004A1583 /* LogoutViewController.swift in Sources */ = {isa = PBXBuildFile; fileRef = 12F0B59E275CD8E5004A1583 /* LogoutViewController.swift */; };
		12FD0F54274FC66600937D91 /* MyTableViewCell.swift in Sources */ = {isa = PBXBuildFile; fileRef = 12FD0F53274FC66600937D91 /* MyTableViewCell.swift */; };
		1762FBA78A99D0FF99F1D76C /* Pods_ImageEnglish.framework in Frameworks */ = {isa = PBXBuildFile; fileRef = FD2F192FB7A4AF81D0FEA9EE /* Pods_ImageEnglish.framework */; };
/* End PBXBuildFile section */

/* Begin PBXFileReference section */
		125CDF9F2759CD4400291877 /* SideMenuNavigationController.swift */ = {isa = PBXFileReference; lastKnownFileType = sourcecode.swift; path = SideMenuNavigationController.swift; sourceTree = "<group>"; };
		125CDFA1275A047E00291877 /* SideMenuTableViewController.swift */ = {isa = PBXFileReference; lastKnownFileType = sourcecode.swift; path = SideMenuTableViewController.swift; sourceTree = "<group>"; };
		127A3488274F9492005528D7 /* ImageEnglish.app */ = {isa = PBXFileReference; explicitFileType = wrapper.application; includeInIndex = 0; path = ImageEnglish.app; sourceTree = BUILT_PRODUCTS_DIR; };
		127A348B274F9492005528D7 /* AppDelegate.swift */ = {isa = PBXFileReference; lastKnownFileType = sourcecode.swift; path = AppDelegate.swift; sourceTree = "<group>"; };
		127A348D274F9492005528D7 /* SceneDelegate.swift */ = {isa = PBXFileReference; lastKnownFileType = sourcecode.swift; path = SceneDelegate.swift; sourceTree = "<group>"; };
		127A3492274F9492005528D7 /* Base */ = {isa = PBXFileReference; lastKnownFileType = file.storyboard; name = Base; path = Base.lproj/Main.storyboard; sourceTree = "<group>"; };
		127A3494274F9496005528D7 /* Assets.xcassets */ = {isa = PBXFileReference; lastKnownFileType = folder.assetcatalog; path = Assets.xcassets; sourceTree = "<group>"; };
		127A3497274F9496005528D7 /* Base */ = {isa = PBXFileReference; lastKnownFileType = file.storyboard; name = Base; path = Base.lproj/LaunchScreen.storyboard; sourceTree = "<group>"; };
		127A3499274F9496005528D7 /* Info.plist */ = {isa = PBXFileReference; lastKnownFileType = text.plist.xml; path = Info.plist; sourceTree = "<group>"; };
		127A34A1274F9644005528D7 /* RegisterViewController.swift */ = {isa = PBXFileReference; lastKnownFileType = sourcecode.swift; path = RegisterViewController.swift; sourceTree = "<group>"; };
		127A34A3274F976E005528D7 /* LoginViewController.swift */ = {isa = PBXFileReference; lastKnownFileType = sourcecode.swift; path = LoginViewController.swift; sourceTree = "<group>"; };
		127A34A7274F97B8005528D7 /* HomeViewController.swift */ = {isa = PBXFileReference; lastKnownFileType = sourcecode.swift; path = HomeViewController.swift; sourceTree = "<group>"; };
		12838C4027538A69009260BF /* GoogleService-Info.plist */ = {isa = PBXFileReference; fileEncoding = 4; lastKnownFileType = text.plist.xml; path = "GoogleService-Info.plist"; sourceTree = "<group>"; };
		12838C42275393BE009260BF /* PostData.swift */ = {isa = PBXFileReference; lastKnownFileType = sourcecode.swift; path = PostData.swift; sourceTree = "<group>"; };
		12F0B59C275CB8ED004A1583 /* HowtoViewController.swift */ = {isa = PBXFileReference; lastKnownFileType = sourcecode.swift; path = HowtoViewController.swift; sourceTree = "<group>"; };
		12F0B59E275CD8E5004A1583 /* LogoutViewController.swift */ = {isa = PBXFileReference; lastKnownFileType = sourcecode.swift; path = LogoutViewController.swift; sourceTree = "<group>"; };
		12FD0F53274FC66600937D91 /* MyTableViewCell.swift */ = {isa = PBXFileReference; lastKnownFileType = sourcecode.swift; path = MyTableViewCell.swift; sourceTree = "<group>"; };
		C573728B3900303D469AB468 /* Pods-ImageEnglish.release.xcconfig */ = {isa = PBXFileReference; includeInIndex = 1; lastKnownFileType = text.xcconfig; name = "Pods-ImageEnglish.release.xcconfig"; path = "Target Support Files/Pods-ImageEnglish/Pods-ImageEnglish.release.xcconfig"; sourceTree = "<group>"; };
		FD2F192FB7A4AF81D0FEA9EE /* Pods_ImageEnglish.framework */ = {isa = PBXFileReference; explicitFileType = wrapper.framework; includeInIndex = 0; path = Pods_ImageEnglish.framework; sourceTree = BUILT_PRODUCTS_DIR; };
		FD7CE4F9C89310E859604159 /* Pods-ImageEnglish.debug.xcconfig */ = {isa = PBXFileReference; includeInIndex = 1; lastKnownFileType = text.xcconfig; name = "Pods-ImageEnglish.debug.xcconfig"; path = "Target Support Files/Pods-ImageEnglish/Pods-ImageEnglish.debug.xcconfig"; sourceTree = "<group>"; };
/* End PBXFileReference section */

/* Begin PBXFrameworksBuildPhase section */
		127A3485274F9492005528D7 /* Frameworks */ = {
			isa = PBXFrameworksBuildPhase;
			buildActionMask = 2147483647;
			files = (
				1762FBA78A99D0FF99F1D76C /* Pods_ImageEnglish.framework in Frameworks */,
			);
			runOnlyForDeploymentPostprocessing = 0;
		};
/* End PBXFrameworksBuildPhase section */

/* Begin PBXGroup section */
		127A347F274F9492005528D7 = {
			isa = PBXGroup;
			children = (
				127A348A274F9492005528D7 /* ImageEnglish */,
				127A3489274F9492005528D7 /* Products */,
				A3A3B00DB2E9C4F548F9303D /* Pods */,
				49B73AB9040E9852DE443720 /* Frameworks */,
			);
			sourceTree = "<group>";
		};
		127A3489274F9492005528D7 /* Products */ = {
			isa = PBXGroup;
			children = (
				127A3488274F9492005528D7 /* ImageEnglish.app */,
			);
			name = Products;
			sourceTree = "<group>";
		};
		127A348A274F9492005528D7 /* ImageEnglish */ = {
			isa = PBXGroup;
			children = (
				127A348B274F9492005528D7 /* AppDelegate.swift */,
				127A348D274F9492005528D7 /* SceneDelegate.swift */,
				12838C42275393BE009260BF /* PostData.swift */,
				127A34A7274F97B8005528D7 /* HomeViewController.swift */,
				12FD0F53274FC66600937D91 /* MyTableViewCell.swift */,
				127A34A1274F9644005528D7 /* RegisterViewController.swift */,
				127A3491274F9492005528D7 /* Main.storyboard */,
				125CDFA1275A047E00291877 /* SideMenuTableViewController.swift */,
				125CDF9F2759CD4400291877 /* SideMenuNavigationController.swift */,
				127A3494274F9496005528D7 /* Assets.xcassets */,
				127A3496274F9496005528D7 /* LaunchScreen.storyboard */,
				127A34A3274F976E005528D7 /* LoginViewController.swift */,
				12F0B59E275CD8E5004A1583 /* LogoutViewController.swift */,
				12F0B59C275CB8ED004A1583 /* HowtoViewController.swift */,
				127A3499274F9496005528D7 /* Info.plist */,
				12838C4027538A69009260BF /* GoogleService-Info.plist */,
			);
			path = ImageEnglish;
			sourceTree = "<group>";
		};
		49B73AB9040E9852DE443720 /* Frameworks */ = {
			isa = PBXGroup;
			children = (
				FD2F192FB7A4AF81D0FEA9EE /* Pods_ImageEnglish.framework */,
			);
			name = Frameworks;
			sourceTree = "<group>";
		};
		A3A3B00DB2E9C4F548F9303D /* Pods */ = {
			isa = PBXGroup;
			children = (
				FD7CE4F9C89310E859604159 /* Pods-ImageEnglish.debug.xcconfig */,
				C573728B3900303D469AB468 /* Pods-ImageEnglish.release.xcconfig */,
			);
			path = Pods;
			sourceTree = "<group>";
		};
/* End PBXGroup section */

/* Begin PBXNativeTarget section */
		127A3487274F9492005528D7 /* ImageEnglish */ = {
			isa = PBXNativeTarget;
			buildConfigurationList = 127A349C274F9496005528D7 /* Build configuration list for PBXNativeTarget "ImageEnglish" */;
			buildPhases = (
				C002AFF8ADFEC487E417E197 /* [CP] Check Pods Manifest.lock */,
				127A3484274F9492005528D7 /* Sources */,
				127A3485274F9492005528D7 /* Frameworks */,
				127A3486274F9492005528D7 /* Resources */,
				106551F327C44ED0991B86FB /* [CP] Embed Pods Frameworks */,
			);
			buildRules = (
			);
			dependencies = (
			);
			name = ImageEnglish;
			productName = ImageEnglish;
			productReference = 127A3488274F9492005528D7 /* ImageEnglish.app */;
			productType = "com.apple.product-type.application";
		};
/* End PBXNativeTarget section */

/* Begin PBXProject section */
		127A3480274F9492005528D7 /* Project object */ = {
			isa = PBXProject;
			attributes = {
				LastSwiftUpdateCheck = 1250;
				LastUpgradeCheck = 1250;
				TargetAttributes = {
					127A3487274F9492005528D7 = {
						CreatedOnToolsVersion = 12.5.1;
					};
				};
			};
			buildConfigurationList = 127A3483274F9492005528D7 /* Build configuration list for PBXProject "ImageEnglish" */;
			compatibilityVersion = "Xcode 9.3";
			developmentRegion = en;
			hasScannedForEncodings = 0;
			knownRegions = (
				en,
				Base,
			);
			mainGroup = 127A347F274F9492005528D7;
			productRefGroup = 127A3489274F9492005528D7 /* Products */;
			projectDirPath = "";
			projectRoot = "";
			targets = (
				127A3487274F9492005528D7 /* ImageEnglish */,
			);
		};
/* End PBXProject section */

/* Begin PBXResourcesBuildPhase section */
		127A3486274F9492005528D7 /* Resources */ = {
			isa = PBXResourcesBuildPhase;
			buildActionMask = 2147483647;
			files = (
				127A3498274F9496005528D7 /* LaunchScreen.storyboard in Resources */,
				12838C4127538A69009260BF /* GoogleService-Info.plist in Resources */,
				127A3495274F9496005528D7 /* Assets.xcassets in Resources */,
				127A3493274F9492005528D7 /* Main.storyboard in Resources */,
			);
			runOnlyForDeploymentPostprocessing = 0;
		};
/* End PBXResourcesBuildPhase section */

/* Begin PBXShellScriptBuildPhase section */
		106551F327C44ED0991B86FB /* [CP] Embed Pods Frameworks */ = {
			isa = PBXShellScriptBuildPhase;
			buildActionMask = 2147483647;
			files = (
			);
			inputFileListPaths = (
				"${PODS_ROOT}/Target Support Files/Pods-ImageEnglish/Pods-ImageEnglish-frameworks-${CONFIGURATION}-input-files.xcfilelist",
			);
			name = "[CP] Embed Pods Frameworks";
			outputFileListPaths = (
				"${PODS_ROOT}/Target Support Files/Pods-ImageEnglish/Pods-ImageEnglish-frameworks-${CONFIGURATION}-output-files.xcfilelist",
			);
			runOnlyForDeploymentPostprocessing = 0;
			shellPath = /bin/sh;
			shellScript = "\"${PODS_ROOT}/Target Support Files/Pods-ImageEnglish/Pods-ImageEnglish-frameworks.sh\"\n";
			showEnvVarsInLog = 0;
		};
		C002AFF8ADFEC487E417E197 /* [CP] Check Pods Manifest.lock */ = {
			isa = PBXShellScriptBuildPhase;
			buildActionMask = 2147483647;
			files = (
			);
			inputFileListPaths = (
			);
			inputPaths = (
				"${PODS_PODFILE_DIR_PATH}/Podfile.lock",
				"${PODS_ROOT}/Manifest.lock",
			);
			name = "[CP] Check Pods Manifest.lock";
			outputFileListPaths = (
			);
			outputPaths = (
				"$(DERIVED_FILE_DIR)/Pods-ImageEnglish-checkManifestLockResult.txt",
			);
			runOnlyForDeploymentPostprocessing = 0;
			shellPath = /bin/sh;
			shellScript = "diff \"${PODS_PODFILE_DIR_PATH}/Podfile.lock\" \"${PODS_ROOT}/Manifest.lock\" > /dev/null\nif [ $? != 0 ] ; then\n    # print error to STDERR\n    echo \"error: The sandbox is not in sync with the Podfile.lock. Run 'pod install' or update your CocoaPods installation.\" >&2\n    exit 1\nfi\n# This output is used by Xcode 'outputs' to avoid re-running this script phase.\necho \"SUCCESS\" > \"${SCRIPT_OUTPUT_FILE_0}\"\n";
			showEnvVarsInLog = 0;
		};
/* End PBXShellScriptBuildPhase section */

/* Begin PBXSourcesBuildPhase section */
		127A3484274F9492005528D7 /* Sources */ = {
			isa = PBXSourcesBuildPhase;
			buildActionMask = 2147483647;
			files = (
				12F0B59D275CB8ED004A1583 /* HowtoViewController.swift in Sources */,
				12FD0F54274FC66600937D91 /* MyTableViewCell.swift in Sources */,
				12838C43275393BE009260BF /* PostData.swift in Sources */,
				127A34A2274F9644005528D7 /* RegisterViewController.swift in Sources */,
				12F0B59F275CD8E5004A1583 /* LogoutViewController.swift in Sources */,
				125CDFA02759CD4400291877 /* SideMenuNavigationController.swift in Sources */,
				127A348C274F9492005528D7 /* AppDelegate.swift in Sources */,
				127A34A4274F976E005528D7 /* LoginViewController.swift in Sources */,
				127A348E274F9492005528D7 /* SceneDelegate.swift in Sources */,
				127A34A8274F97B8005528D7 /* HomeViewController.swift in Sources */,
				125CDFA2275A047E00291877 /* SideMenuTableViewController.swift in Sources */,
			);
			runOnlyForDeploymentPostprocessing = 0;
		};
/* End PBXSourcesBuildPhase section */

/* Begin PBXVariantGroup section */
		127A3491274F9492005528D7 /* Main.storyboard */ = {
			isa = PBXVariantGroup;
			children = (
				127A3492274F9492005528D7 /* Base */,
			);
			name = Main.storyboard;
			sourceTree = "<group>";
		};
		127A3496274F9496005528D7 /* LaunchScreen.storyboard */ = {
			isa = PBXVariantGroup;
			children = (
				127A3497274F9496005528D7 /* Base */,
			);
			name = LaunchScreen.storyboard;
			sourceTree = "<group>";
		};
/* End PBXVariantGroup section */

/* Begin XCBuildConfiguration section */
		127A349A274F9496005528D7 /* Debug */ = {
			isa = XCBuildConfiguration;
			buildSettings = {
				ALWAYS_SEARCH_USER_PATHS = NO;
				CLANG_ANALYZER_NONNULL = YES;
				CLANG_ANALYZER_NUMBER_OBJECT_CONVERSION = YES_AGGRESSIVE;
				CLANG_CXX_LANGUAGE_STANDARD = "gnu++14";
				CLANG_CXX_LIBRARY = "libc++";
				CLANG_ENABLE_MODULES = YES;
				CLANG_ENABLE_OBJC_ARC = YES;
				CLANG_ENABLE_OBJC_WEAK = YES;
				CLANG_WARN_BLOCK_CAPTURE_AUTORELEASING = YES;
				CLANG_WARN_BOOL_CONVERSION = YES;
				CLANG_WARN_COMMA = YES;
				CLANG_WARN_CONSTANT_CONVERSION = YES;
				CLANG_WARN_DEPRECATED_OBJC_IMPLEMENTATIONS = YES;
				CLANG_WARN_DIRECT_OBJC_ISA_USAGE = YES_ERROR;
				CLANG_WARN_DOCUMENTATION_COMMENTS = YES;
				CLANG_WARN_EMPTY_BODY = YES;
				CLANG_WARN_ENUM_CONVERSION = YES;
				CLANG_WARN_INFINITE_RECURSION = YES;
				CLANG_WARN_INT_CONVERSION = YES;
				CLANG_WARN_NON_LITERAL_NULL_CONVERSION = YES;
				CLANG_WARN_OBJC_IMPLICIT_RETAIN_SELF = YES;
				CLANG_WARN_OBJC_LITERAL_CONVERSION = YES;
				CLANG_WARN_OBJC_ROOT_CLASS = YES_ERROR;
				CLANG_WARN_QUOTED_INCLUDE_IN_FRAMEWORK_HEADER = YES;
				CLANG_WARN_RANGE_LOOP_ANALYSIS = YES;
				CLANG_WARN_STRICT_PROTOTYPES = YES;
				CLANG_WARN_SUSPICIOUS_MOVE = YES;
				CLANG_WARN_UNGUARDED_AVAILABILITY = YES_AGGRESSIVE;
				CLANG_WARN_UNREACHABLE_CODE = YES;
				CLANG_WARN__DUPLICATE_METHOD_MATCH = YES;
				COPY_PHASE_STRIP = NO;
				DEBUG_INFORMATION_FORMAT = dwarf;
				ENABLE_STRICT_OBJC_MSGSEND = YES;
				ENABLE_TESTABILITY = YES;
				GCC_C_LANGUAGE_STANDARD = gnu11;
				GCC_DYNAMIC_NO_PIC = NO;
				GCC_NO_COMMON_BLOCKS = YES;
				GCC_OPTIMIZATION_LEVEL = 0;
				GCC_PREPROCESSOR_DEFINITIONS = (
					"DEBUG=1",
					"$(inherited)",
				);
				GCC_WARN_64_TO_32_BIT_CONVERSION = YES;
				GCC_WARN_ABOUT_RETURN_TYPE = YES_ERROR;
				GCC_WARN_UNDECLARED_SELECTOR = YES;
				GCC_WARN_UNINITIALIZED_AUTOS = YES_AGGRESSIVE;
				GCC_WARN_UNUSED_FUNCTION = YES;
				GCC_WARN_UNUSED_VARIABLE = YES;
				IPHONEOS_DEPLOYMENT_TARGET = 14.5;
				MTL_ENABLE_DEBUG_INFO = INCLUDE_SOURCE;
				MTL_FAST_MATH = YES;
				ONLY_ACTIVE_ARCH = YES;
				SDKROOT = iphoneos;
				SWIFT_ACTIVE_COMPILATION_CONDITIONS = DEBUG;
				SWIFT_OPTIMIZATION_LEVEL = "-Onone";
			};
			name = Debug;
		};
		127A349B274F9496005528D7 /* Release */ = {
			isa = XCBuildConfiguration;
			buildSettings = {
				ALWAYS_SEARCH_USER_PATHS = NO;
				CLANG_ANALYZER_NONNULL = YES;
				CLANG_ANALYZER_NUMBER_OBJECT_CONVERSION = YES_AGGRESSIVE;
				CLANG_CXX_LANGUAGE_STANDARD = "gnu++14";
				CLANG_CXX_LIBRARY = "libc++";
				CLANG_ENABLE_MODULES = YES;
				CLANG_ENABLE_OBJC_ARC = YES;
				CLANG_ENABLE_OBJC_WEAK = YES;
				CLANG_WARN_BLOCK_CAPTURE_AUTORELEASING = YES;
				CLANG_WARN_BOOL_CONVERSION = YES;
				CLANG_WARN_COMMA = YES;
				CLANG_WARN_CONSTANT_CONVERSION = YES;
				CLANG_WARN_DEPRECATED_OBJC_IMPLEMENTATIONS = YES;
				CLANG_WARN_DIRECT_OBJC_ISA_USAGE = YES_ERROR;
				CLANG_WARN_DOCUMENTATION_COMMENTS = YES;
				CLANG_WARN_EMPTY_BODY = YES;
				CLANG_WARN_ENUM_CONVERSION = YES;
				CLANG_WARN_INFINITE_RECURSION = YES;
				CLANG_WARN_INT_CONVERSION = YES;
				CLANG_WARN_NON_LITERAL_NULL_CONVERSION = YES;
				CLANG_WARN_OBJC_IMPLICIT_RETAIN_SELF = YES;
				CLANG_WARN_OBJC_LITERAL_CONVERSION = YES;
				CLANG_WARN_OBJC_ROOT_CLASS = YES_ERROR;
				CLANG_WARN_QUOTED_INCLUDE_IN_FRAMEWORK_HEADER = YES;
				CLANG_WARN_RANGE_LOOP_ANALYSIS = YES;
				CLANG_WARN_STRICT_PROTOTYPES = YES;
				CLANG_WARN_SUSPICIOUS_MOVE = YES;
				CLANG_WARN_UNGUARDED_AVAILABILITY = YES_AGGRESSIVE;
				CLANG_WARN_UNREACHABLE_CODE = YES;
				CLANG_WARN__DUPLICATE_METHOD_MATCH = YES;
				COPY_PHASE_STRIP = NO;
				DEBUG_INFORMATION_FORMAT = "dwarf-with-dsym";
				ENABLE_NS_ASSERTIONS = NO;
				ENABLE_STRICT_OBJC_MSGSEND = YES;
				GCC_C_LANGUAGE_STANDARD = gnu11;
				GCC_NO_COMMON_BLOCKS = YES;
				GCC_WARN_64_TO_32_BIT_CONVERSION = YES;
				GCC_WARN_ABOUT_RETURN_TYPE = YES_ERROR;
				GCC_WARN_UNDECLARED_SELECTOR = YES;
				GCC_WARN_UNINITIALIZED_AUTOS = YES_AGGRESSIVE;
				GCC_WARN_UNUSED_FUNCTION = YES;
				GCC_WARN_UNUSED_VARIABLE = YES;
				IPHONEOS_DEPLOYMENT_TARGET = 14.5;
				MTL_ENABLE_DEBUG_INFO = NO;
				MTL_FAST_MATH = YES;
				SDKROOT = iphoneos;
				SWIFT_COMPILATION_MODE = wholemodule;
				SWIFT_OPTIMIZATION_LEVEL = "-O";
				VALIDATE_PRODUCT = YES;
			};
			name = Release;
		};
		127A349D274F9496005528D7 /* Debug */ = {
			isa = XCBuildConfiguration;
			baseConfigurationReference = FD7CE4F9C89310E859604159 /* Pods-ImageEnglish.debug.xcconfig */;
			buildSettings = {
				ASSETCATALOG_COMPILER_APPICON_NAME = AppIcon;
				ASSETCATALOG_COMPILER_GLOBAL_ACCENT_COLOR_NAME = AccentColor;
				CODE_SIGN_STYLE = Automatic;
				DEVELOPMENT_TEAM = 74CWL7T3P6;
				INFOPLIST_FILE = ImageEnglish/Info.plist;
				LD_RUNPATH_SEARCH_PATHS = (
					"$(inherited)",
					"@executable_path/Frameworks",
				);
				PRODUCT_BUNDLE_IDENTIFIER = com.gmail.kikukawa0604.ImageEnglish;
				PRODUCT_NAME = "$(TARGET_NAME)";
				SWIFT_VERSION = 5.0;
				TARGETED_DEVICE_FAMILY = 1;
			};
			name = Debug;
		};
		127A349E274F9496005528D7 /* Release */ = {
			isa = XCBuildConfiguration;
			baseConfigurationReference = C573728B3900303D469AB468 /* Pods-ImageEnglish.release.xcconfig */;
			buildSettings = {
				ASSETCATALOG_COMPILER_APPICON_NAME = AppIcon;
				ASSETCATALOG_COMPILER_GLOBAL_ACCENT_COLOR_NAME = AccentColor;
				CODE_SIGN_STYLE = Automatic;
				DEVELOPMENT_TEAM = 74CWL7T3P6;
				INFOPLIST_FILE = ImageEnglish/Info.plist;
				LD_RUNPATH_SEARCH_PATHS = (
					"$(inherited)",
					"@executable_path/Frameworks",
				);
				PRODUCT_BUNDLE_IDENTIFIER = com.gmail.kikukawa0604.ImageEnglish;
				PRODUCT_NAME = "$(TARGET_NAME)";
				SWIFT_VERSION = 5.0;
				TARGETED_DEVICE_FAMILY = 1;
			};
			name = Release;
		};
/* End XCBuildConfiguration section */

/* Begin XCConfigurationList section */
		127A3483274F9492005528D7 /* Build configuration list for PBXProject "ImageEnglish" */ = {
			isa = XCConfigurationList;
			buildConfigurations = (
				127A349A274F9496005528D7 /* Debug */,
				127A349B274F9496005528D7 /* Release */,
			);
			defaultConfigurationIsVisible = 0;
			defaultConfigurationName = Release;
		};
		127A349C274F9496005528D7 /* Build configuration list for PBXNativeTarget "ImageEnglish" */ = {
			isa = XCConfigurationList;
			buildConfigurations = (
				127A349D274F9496005528D7 /* Debug */,
				127A349E274F9496005528D7 /* Release */,
			);
			defaultConfigurationIsVisible = 0;
			defaultConfigurationName = Release;
		};
/* End XCConfigurationList section */
	};
	rootObject = 127A3480274F9492005528D7 /* Project object */;
}
